
Microsoft Visual Studio Solution File, Format Version 12.00
# Visual Studio 14
VisualStudioVersion = 14.0.25420.1
MinimumVisualStudioVersion = 10.0.40219.1
Project("{FAE04EC0-301F-11D3-BF4B-00C04F79EFBC}") = "testcsv", "testcsv\testcsv.csproj", "{00C59DD0-D199-4FA9-80C7-70C0347D0470}"
EndProject
Project("{FAE04EC0-301F-11D3-BF4B-00C04F79EFBC}") = "Mvc_5_site", "Mvc_5_site\Mvc_5_site.csproj", "{800E53F9-FE66-40A6-96EA-341A0BEFDAAD}"
EndProject
Project("{00D1A9C2-B5F0-4AF3-8072-F6C62B433612}") = "FA_local_db_project", "..\Projects\FA\FA_local_db_project\FA_local_db_project\FA_local_db_project.sqlproj", "{9F02299D-D7FE-4A1F-A77C-C869B17F7BAD}"
EndProject
Project("{FAE04EC0-301F-11D3-BF4B-00C04F79EFBC}") = "BL", "..\Projects\FA\BL\BL.csproj", "{E1B060D2-A92B-4017-B913-7871D0A4DB5F}"
EndProject
Project("{FAE04EC0-301F-11D3-BF4B-00C04F79EFBC}") = "RazorV3WebApplication1", "RazorV3WebApplication1\RazorV3WebApplication1.csproj", "{2D22AA48-5183-4FF2-B846-DF72E699E45E}"
EndProject
Project("{FAE04EC0-301F-11D3-BF4B-00C04F79EFBC}") = "FA_admin_site", "FA_admin_site\FA_admin_site.csproj", "{9F860BD9-2B65-48E2-ABE4-DFD6A163C0D5}"
EndProject
Project("{FAE04EC0-301F-11D3-BF4B-00C04F79EFBC}") = "ProcessData", "ProcessData\ProcessData.csproj", "{5C887CD3-EFFF-4790-8D96-920094889AAD}"
EndProject
Project("{FAE04EC0-301F-11D3-BF4B-00C04F79EFBC}") = "AppRunTransform", "AppRunTransform\AppRunTransform.csproj", "{60E2890C-1859-4C00-B68C-FF6C4C0CC577}"
EndProject
Project("{FAE04EC0-301F-11D3-BF4B-00C04F79EFBC}") = "ConsoleApplicationTest", "ConsoleApplicationTest\ConsoleApplicationTest.csproj", "{96DE8D0C-FFA7-459E-AD61-5C25576318CC}"
EndProject
Project("{FAE04EC0-301F-11D3-BF4B-00C04F79EFBC}") = "RunTransform_column_to_record", "RunTransform_column_to_record\RunTransform_column_to_record.csproj", "{A61A62F3-0FE4-440E-87A2-9772E6E87E45}"
EndProject
Project("{FAE04EC0-301F-11D3-BF4B-00C04F79EFBC}") = "AppRestartTransform", "AppRestartTransform\AppRestartTransform.csproj", "{4A7708FA-A595-4BF3-9495-2BB13D779169}"
EndProject
Project("{FAE04EC0-301F-11D3-BF4B-00C04F79EFBC}") = "ConsoleApplication1TestFixCSV", "ConsoleApplication1TestFixCSV\ConsoleApplication1TestFixCSV.csproj", "{5EB7F35F-E85F-45A5-A09C-DA843800DD46}"
EndProject
Global
	GlobalSection(SolutionConfigurationPlatforms) = preSolution
		Debug|Any CPU = Debug|Any CPU
		Release|Any CPU = Release|Any CPU
	EndGlobalSection
	GlobalSection(ProjectConfigurationPlatforms) = postSolution
		{00C59DD0-D199-4FA9-80C7-70C0347D0470}.Debug|Any CPU.ActiveCfg = Debug|Any CPU
		{00C59DD0-D199-4FA9-80C7-70C0347D0470}.Debug|Any CPU.Build.0 = Debug|Any CPU
		{00C59DD0-D199-4FA9-80C7-70C0347D0470}.Release|Any CPU.ActiveCfg = Release|Any CPU
		{00C59DD0-D199-4FA9-80C7-70C0347D0470}.Release|Any CPU.Build.0 = Release|Any CPU
		{800E53F9-FE66-40A6-96EA-341A0BEFDAAD}.Debug|Any CPU.ActiveCfg = Debug|Any CPU
		{800E53F9-FE66-40A6-96EA-341A0BEFDAAD}.Debug|Any CPU.Build.0 = Debug|Any CPU
		{800E53F9-FE66-40A6-96EA-341A0BEFDAAD}.Release|Any CPU.ActiveCfg = Release|Any CPU
		{800E53F9-FE66-40A6-96EA-341A0BEFDAAD}.Release|Any CPU.Build.0 = Release|Any CPU
		{9F02299D-D7FE-4A1F-A77C-C869B17F7BAD}.Debug|Any CPU.ActiveCfg = Debug|Any CPU
		{9F02299D-D7FE-4A1F-A77C-C869B17F7BAD}.Debug|Any CPU.Build.0 = Debug|Any CPU
		{9F02299D-D7FE-4A1F-A77C-C869B17F7BAD}.Debug|Any CPU.Deploy.0 = Debug|Any CPU
		{9F02299D-D7FE-4A1F-A77C-C869B17F7BAD}.Release|Any CPU.ActiveCfg = Release|Any CPU
		{9F02299D-D7FE-4A1F-A77C-C869B17F7BAD}.Release|Any CPU.Build.0 = Release|Any CPU
		{9F02299D-D7FE-4A1F-A77C-C869B17F7BAD}.Release|Any CPU.Deploy.0 = Release|Any CPU
		{E1B060D2-A92B-4017-B913-7871D0A4DB5F}.Debug|Any CPU.ActiveCfg = Debug|Any CPU
		{E1B060D2-A92B-4017-B913-7871D0A4DB5F}.Debug|Any CPU.Build.0 = Debug|Any CPU
		{E1B060D2-A92B-4017-B913-7871D0A4DB5F}.Release|Any CPU.ActiveCfg = Release|Any CPU
		{E1B060D2-A92B-4017-B913-7871D0A4DB5F}.Release|Any CPU.Build.0 = Release|Any CPU
		{2D22AA48-5183-4FF2-B846-DF72E699E45E}.Debug|Any CPU.ActiveCfg = Debug|Any CPU
		{2D22AA48-5183-4FF2-B846-DF72E699E45E}.Debug|Any CPU.Build.0 = Debug|Any CPU
		{2D22AA48-5183-4FF2-B846-DF72E699E45E}.Release|Any CPU.ActiveCfg = Release|Any CPU
		{2D22AA48-5183-4FF2-B846-DF72E699E45E}.Release|Any CPU.Build.0 = Release|Any CPU
		{9F860BD9-2B65-48E2-ABE4-DFD6A163C0D5}.Debug|Any CPU.ActiveCfg = Debug|Any CPU
		{9F860BD9-2B65-48E2-ABE4-DFD6A163C0D5}.Debug|Any CPU.Build.0 = Debug|Any CPU
		{9F860BD9-2B65-48E2-ABE4-DFD6A163C0D5}.Release|Any CPU.ActiveCfg = Release|Any CPU
		{9F860BD9-2B65-48E2-ABE4-DFD6A163C0D5}.Release|Any CPU.Build.0 = Release|Any CPU
		{5C887CD3-EFFF-4790-8D96-920094889AAD}.Debug|Any CPU.ActiveCfg = Debug|Any CPU
		{5C887CD3-EFFF-4790-8D96-920094889AAD}.Debug|Any CPU.Build.0 = Debug|Any CPU
		{5C887CD3-EFFF-4790-8D96-920094889AAD}.Release|Any CPU.ActiveCfg = Release|Any CPU
		{5C887CD3-EFFF-4790-8D96-920094889AAD}.Release|Any CPU.Build.0 = Release|Any CPU
		{60E2890C-1859-4C00-B68C-FF6C4C0CC577}.Debug|Any CPU.ActiveCfg = Debug|Any CPU
		{60E2890C-1859-4C00-B68C-FF6C4C0CC577}.Debug|Any CPU.Build.0 = Debug|Any CPU
		{60E2890C-1859-4C00-B68C-FF6C4C0CC577}.Release|Any CPU.ActiveCfg = Release|Any CPU
		{60E2890C-1859-4C00-B68C-FF6C4C0CC577}.Release|Any CPU.Build.0 = Release|Any CPU
		{96DE8D0C-FFA7-459E-AD61-5C25576318CC}.Debug|Any CPU.ActiveCfg = Debug|Any CPU
		{96DE8D0C-FFA7-459E-AD61-5C25576318CC}.Debug|Any CPU.Build.0 = Debug|Any CPU
		{96DE8D0C-FFA7-459E-AD61-5C25576318CC}.Release|Any CPU.ActiveCfg = Release|Any CPU
		{96DE8D0C-FFA7-459E-AD61-5C25576318CC}.Release|Any CPU.Build.0 = Release|Any CPU
		{A61A62F3-0FE4-440E-87A2-9772E6E87E45}.Debug|Any CPU.ActiveCfg = Debug|Any CPU
		{A61A62F3-0FE4-440E-87A2-9772E6E87E45}.Debug|Any CPU.Build.0 = Debug|Any CPU
		{A61A62F3-0FE4-440E-87A2-9772E6E87E45}.Release|Any CPU.ActiveCfg = Release|Any CPU
		{A61A62F3-0FE4-440E-87A2-9772E6E87E45}.Release|Any CPU.Build.0 = Release|Any CPU
		{4A7708FA-A595-4BF3-9495-2BB13D779169}.Debug|Any CPU.ActiveCfg = Debug|Any CPU
		{4A7708FA-A595-4BF3-9495-2BB13D779169}.Debug|Any CPU.Build.0 = Debug|Any CPU
		{4A7708FA-A595-4BF3-9495-2BB13D779169}.Release|Any CPU.ActiveCfg = Release|Any CPU
		{4A7708FA-A595-4BF3-9495-2BB13D779169}.Release|Any CPU.Build.0 = Release|Any CPU
		{5EB7F35F-E85F-45A5-A09C-DA843800DD46}.Debug|Any CPU.ActiveCfg = Debug|Any CPU
		{5EB7F35F-E85F-45A5-A09C-DA843800DD46}.Debug|Any CPU.Build.0 = Debug|Any CPU
		{5EB7F35F-E85F-45A5-A09C-DA843800DD46}.Release|Any CPU.ActiveCfg = Release|Any CPU
		{5EB7F35F-E85F-45A5-A09C-DA843800DD46}.Release|Any CPU.Build.0 = Release|Any CPU
	EndGlobalSection
	GlobalSection(SolutionProperties) = preSolution
		HideSolutionNode = FALSE
	EndGlobalSection
EndGlobal
